
Microsoft Visual Studio Solution File, Format Version 12.00
# Visual Studio 15
VisualStudioVersion = 15.0.27004.2006
MinimumVisualStudioVersion = 10.0.40219.1
Project("{8BC9CEB8-8B4A-11D0-8D11-00A0C91BC942}") = "IceMan", "IceMan\IceMan.vcxproj", "{623254D2-2E85-4EAD-B9E9-3CC3EB35DDED}"
EndProject
Project("{8BC9CEB8-8B4A-11D0-8D11-00A0C91BC942}") = "Lecture_Code", "..\Lecture_Code\Lecture_Code\Lecture_Code.vcxproj", "{09ED28A9-8C68-439A-A462-041C75267805}"
EndProject
Global
	GlobalSection(SolutionConfigurationPlatforms) = preSolution
		Debug|x64 = Debug|x64
		Debug|x86 = Debug|x86
		Release|x64 = Release|x64
		Release|x86 = Release|x86
	EndGlobalSection
	GlobalSection(ProjectConfigurationPlatforms) = postSolution
		{623254D2-2E85-4EAD-B9E9-3CC3EB35DDED}.Debug|x64.ActiveCfg = Debug|Win32
		{623254D2-2E85-4EAD-B9E9-3CC3EB35DDED}.Debug|x86.ActiveCfg = Debug|Win32
		{623254D2-2E85-4EAD-B9E9-3CC3EB35DDED}.Debug|x86.Build.0 = Debug|Win32
		{623254D2-2E85-4EAD-B9E9-3CC3EB35DDED}.Release|x64.ActiveCfg = Release|Win32
		{623254D2-2E85-4EAD-B9E9-3CC3EB35DDED}.Release|x86.ActiveCfg = Release|Win32
		{623254D2-2E85-4EAD-B9E9-3CC3EB35DDED}.Release|x86.Build.0 = Release|Win32
		{09ED28A9-8C68-439A-A462-041C75267805}.Debug|x64.ActiveCfg = Debug|x64
		{09ED28A9-8C68-439A-A462-041C75267805}.Debug|x64.Build.0 = Debug|x64
		{09ED28A9-8C68-439A-A462-041C75267805}.Debug|x86.ActiveCfg = Debug|Win32
		{09ED28A9-8C68-439A-A462-041C75267805}.Debug|x86.Build.0 = Debug|Win32
		{09ED28A9-8C68-439A-A462-041C75267805}.Release|x64.ActiveCfg = Release|x64
		{09ED28A9-8C68-439A-A462-041C75267805}.Release|x64.Build.0 = Release|x64
		{09ED28A9-8C68-439A-A462-041C75267805}.Release|x86.ActiveCfg = Release|Win32
		{09ED28A9-8C68-439A-A462-041C75267805}.Release|x86.Build.0 = Release|Win32
	EndGlobalSection
	GlobalSection(SolutionProperties) = preSolution
		HideSolutionNode = FALSE
	EndGlobalSection
	GlobalSection(ExtensibilityGlobals) = postSolution
		SolutionGuid = {8F3CB855-911F-4E12-8822-B66981CF3E16}
	EndGlobalSection
EndGlobal
